// !$*UTF8*$!
{
	archiveVersion = 1;
	classes = {
	};
	objectVersion = 46;
	objects = {

/* Begin PBXBuildFile section */
		59025DDA1F72C74200780085 /* AppDelegate.swift in Sources */ = {isa = PBXBuildFile; fileRef = 59025DD91F72C74200780085 /* AppDelegate.swift */; };
		59025DDC1F72C74200780085 /* ViewController.swift in Sources */ = {isa = PBXBuildFile; fileRef = 59025DDB1F72C74200780085 /* ViewController.swift */; };
		59025DDF1F72C74200780085 /* Main.storyboard in Resources */ = {isa = PBXBuildFile; fileRef = 59025DDD1F72C74200780085 /* Main.storyboard */; };
		59025DE11F72C74200780085 /* Assets.xcassets in Resources */ = {isa = PBXBuildFile; fileRef = 59025DE01F72C74200780085 /* Assets.xcassets */; };
		59025DE41F72C74200780085 /* LaunchScreen.storyboard in Resources */ = {isa = PBXBuildFile; fileRef = 59025DE21F72C74200780085 /* LaunchScreen.storyboard */; };
		59025DEF1F72C74200780085 /* destroytheworldTests.swift in Sources */ = {isa = PBXBuildFile; fileRef = 59025DEE1F72C74200780085 /* destroytheworldTests.swift */; };
		59025DFA1F72C74200780085 /* destroytheworldUITests.swift in Sources */ = {isa = PBXBuildFile; fileRef = 59025DF91F72C74200780085 /* destroytheworldUITests.swift */; };
/* End PBXBuildFile section */

/* Begin PBXContainerItemProxy section */
		59025DEB1F72C74200780085 /* PBXContainerItemProxy */ = {
			isa = PBXContainerItemProxy;
			containerPortal = 59025DCE1F72C74200780085 /* Project object */;
			proxyType = 1;
			remoteGlobalIDString = 59025DD51F72C74200780085;
			remoteInfo = destroytheworld;
		};
		59025DF61F72C74200780085 /* PBXContainerItemProxy */ = {
			isa = PBXContainerItemProxy;
			containerPortal = 59025DCE1F72C74200780085 /* Project object */;
			proxyType = 1;
			remoteGlobalIDString = 59025DD51F72C74200780085;
			remoteInfo = destroytheworld;
		};
/* End PBXContainerItemProxy section */

/* Begin PBXFileReference section */
		59025DD61F72C74200780085 /* destroytheworld.app */ = {isa = PBXFileReference; explicitFileType = wrapper.application; includeInIndex = 0; path = destroytheworld.app; sourceTree = BUILT_PRODUCTS_DIR; };
		59025DD91F72C74200780085 /* AppDelegate.swift */ = {isa = PBXFileReference; lastKnownFileType = sourcecode.swift; path = AppDelegate.swift; sourceTree = "<group>"; };
		59025DDB1F72C74200780085 /* ViewController.swift */ = {isa = PBXFileReference; lastKnownFileType = sourcecode.swift; path = ViewController.swift; sourceTree = "<group>"; };
		59025DDE1F72C74200780085 /* Base */ = {isa = PBXFileReference; lastKnownFileType = file.storyboard; name = Base; path = Base.lproj/Main.storyboard; sourceTree = "<group>"; };
		59025DE01F72C74200780085 /* Assets.xcassets */ = {isa = PBXFileReference; lastKnownFileType = folder.assetcatalog; path = Assets.xcassets; sourceTree = "<group>"; };
		59025DE31F72C74200780085 /* Base */ = {isa = PBXFileReference; lastKnownFileType = file.storyboard; name = Base; path = Base.lproj/LaunchScreen.storyboard; sourceTree = "<group>"; };
		59025DE51F72C74200780085 /* Info.plist */ = {isa = PBXFileReference; lastKnownFileType = text.plist.xml; path = Info.plist; sourceTree = "<group>"; };
		59025DEA1F72C74200780085 /* destroytheworldTests.xctest */ = {isa = PBXFileReference; explicitFileType = wrapper.cfbundle; includeInIndex = 0; path = destroytheworldTests.xctest; sourceTree = BUILT_PRODUCTS_DIR; };
		59025DEE1F72C74200780085 /* destroytheworldTests.swift */ = {isa = PBXFileReference; lastKnownFileType = sourcecode.swift; path = destroytheworldTests.swift; sourceTree = "<group>"; };
		59025DF01F72C74200780085 /* Info.plist */ = {isa = PBXFileReference; lastKnownFileType = text.plist.xml; path = Info.plist; sourceTree = "<group>"; };
		59025DF51F72C74200780085 /* destroytheworldUITests.xctest */ = {isa = PBXFileReference; explicitFileType = wrapper.cfbundle; includeInIndex = 0; path = destroytheworldUITests.xctest; sourceTree = BUILT_PRODUCTS_DIR; };
		59025DF91F72C74200780085 /* destroytheworldUITests.swift */ = {isa = PBXFileReference; lastKnownFileType = sourcecode.swift; path = destroytheworldUITests.swift; sourceTree = "<group>"; };
		59025DFB1F72C74200780085 /* Info.plist */ = {isa = PBXFileReference; lastKnownFileType = text.plist.xml; path = Info.plist; sourceTree = "<group>"; };
/* End PBXFileReference section */

/* Begin PBXFrameworksBuildPhase section */
		59025DD31F72C74200780085 /* Frameworks */ = {
			isa = PBXFrameworksBuildPhase;
			buildActionMask = 2147483647;
			files = (
			);
			runOnlyForDeploymentPostprocessing = 0;
		};
		59025DE71F72C74200780085 /* Frameworks */ = {
			isa = PBXFrameworksBuildPhase;
			buildActionMask = 2147483647;
			files = (
			);
			runOnlyForDeploymentPostprocessing = 0;
		};
		59025DF21F72C74200780085 /* Frameworks */ = {
			isa = PBXFrameworksBuildPhase;
			buildActionMask = 2147483647;
			files = (
			);
			runOnlyForDeploymentPostprocessing = 0;
		};
/* End PBXFrameworksBuildPhase section */

/* Begin PBXGroup section */
		59025DCD1F72C74200780085 = {
			isa = PBXGroup;
			children = (
				59025DD81F72C74200780085 /* destroytheworld */,
				59025DED1F72C74200780085 /* destroytheworldTests */,
				59025DF81F72C74200780085 /* destroytheworldUITests */,
				59025DD71F72C74200780085 /* Products */,
			);
			sourceTree = "<group>";
		};
		59025DD71F72C74200780085 /* Products */ = {
			isa = PBXGroup;
			children = (
				59025DD61F72C74200780085 /* destroytheworld.app */,
				59025DEA1F72C74200780085 /* destroytheworldTests.xctest */,
				59025DF51F72C74200780085 /* destroytheworldUITests.xctest */,
			);
			name = Products;
			sourceTree = "<group>";
		};
		59025DD81F72C74200780085 /* destroytheworld */ = {
			isa = PBXGroup;
			children = (
				59025DD91F72C74200780085 /* AppDelegate.swift */,
				59025DDB1F72C74200780085 /* ViewController.swift */,
				59025DDD1F72C74200780085 /* Main.storyboard */,
				59025DE01F72C74200780085 /* Assets.xcassets */,
				59025DE21F72C74200780085 /* LaunchScreen.storyboard */,
				59025DE51F72C74200780085 /* Info.plist */,
			);
			path = destroytheworld;
			sourceTree = "<group>";
		};
		59025DED1F72C74200780085 /* destroytheworldTests */ = {
			isa = PBXGroup;
			children = (
				59025DEE1F72C74200780085 /* destroytheworldTests.swift */,
				59025DF01F72C74200780085 /* Info.plist */,
			);
			path = destroytheworldTests;
			sourceTree = "<group>";
		};
		59025DF81F72C74200780085 /* destroytheworldUITests */ = {
			isa = PBXGroup;
			children = (
				59025DF91F72C74200780085 /* destroytheworldUITests.swift */,
				59025DFB1F72C74200780085 /* Info.plist */,
			);
			path = destroytheworldUITests;
			sourceTree = "<group>";
		};
/* End PBXGroup section */

/* Begin PBXNativeTarget section */
		59025DD51F72C74200780085 /* destroytheworld */ = {
			isa = PBXNativeTarget;
			buildConfigurationList = 59025DFE1F72C74200780085 /* Build configuration list for PBXNativeTarget "destroytheworld" */;
			buildPhases = (
				59025DD21F72C74200780085 /* Sources */,
				59025DD31F72C74200780085 /* Frameworks */,
				59025DD41F72C74200780085 /* Resources */,
			);
			buildRules = (
			);
			dependencies = (
			);
			name = destroytheworld;
			productName = destroytheworld;
			productReference = 59025DD61F72C74200780085 /* destroytheworld.app */;
			productType = "com.apple.product-type.application";
		};
		59025DE91F72C74200780085 /* destroytheworldTests */ = {
			isa = PBXNativeTarget;
			buildConfigurationList = 59025E011F72C74200780085 /* Build configuration list for PBXNativeTarget "destroytheworldTests" */;
			buildPhases = (
				59025DE61F72C74200780085 /* Sources */,
				59025DE71F72C74200780085 /* Frameworks */,
				59025DE81F72C74200780085 /* Resources */,
			);
			buildRules = (
			);
			dependencies = (
				59025DEC1F72C74200780085 /* PBXTargetDependency */,
			);
			name = destroytheworldTests;
			productName = destroytheworldTests;
			productReference = 59025DEA1F72C74200780085 /* destroytheworldTests.xctest */;
			productType = "com.apple.product-type.bundle.unit-test";
		};
		59025DF41F72C74200780085 /* destroytheworldUITests */ = {
			isa = PBXNativeTarget;
			buildConfigurationList = 59025E041F72C74200780085 /* Build configuration list for PBXNativeTarget "destroytheworldUITests" */;
			buildPhases = (
				59025DF11F72C74200780085 /* Sources */,
				59025DF21F72C74200780085 /* Frameworks */,
				59025DF31F72C74200780085 /* Resources */,
			);
			buildRules = (
			);
			dependencies = (
				59025DF71F72C74200780085 /* PBXTargetDependency */,
			);
			name = destroytheworldUITests;
			productName = destroytheworldUITests;
			productReference = 59025DF51F72C74200780085 /* destroytheworldUITests.xctest */;
			productType = "com.apple.product-type.bundle.ui-testing";
		};
/* End PBXNativeTarget section */

/* Begin PBXProject section */
		59025DCE1F72C74200780085 /* Project object */ = {
			isa = PBXProject;
			attributes = {
				LastSwiftUpdateCheck = 0830;
				LastUpgradeCheck = 0830;
				ORGANIZATIONNAME = "Nithin Reddy Kambam";
				TargetAttributes = {
					59025DD51F72C74200780085 = {
						CreatedOnToolsVersion = 8.3.3;
						ProvisioningStyle = Automatic;
					};
					59025DE91F72C74200780085 = {
						CreatedOnToolsVersion = 8.3.3;
						ProvisioningStyle = Automatic;
						TestTargetID = 59025DD51F72C74200780085;
					};
					59025DF41F72C74200780085 = {
						CreatedOnToolsVersion = 8.3.3;
						ProvisioningStyle = Automatic;
						TestTargetID = 59025DD51F72C74200780085;
					};
				};
			};
			buildConfigurationList = 59025DD11F72C74200780085 /* Build configuration list for PBXProject "destroytheworld" */;
			compatibilityVersion = "Xcode 3.2";
			developmentRegion = English;
			hasScannedForEncodings = 0;
			knownRegions = (
				en,
				Base,
			);
			mainGroup = 59025DCD1F72C74200780085;
			productRefGroup = 59025DD71F72C74200780085 /* Products */;
			projectDirPath = "";
			projectRoot = "";
			targets = (
				59025DD51F72C74200780085 /* destroytheworld */,
				59025DE91F72C74200780085 /* destroytheworldTests */,
				59025DF41F72C74200780085 /* destroytheworldUITests */,
			);
		};
/* End PBXProject section */

/* Begin PBXResourcesBuildPhase section */
		59025DD41F72C74200780085 /* Resources */ = {
			isa = PBXResourcesBuildPhase;
			buildActionMask = 2147483647;
			files = (
				59025DE41F72C74200780085 /* LaunchScreen.storyboard in Resources */,
				59025DE11F72C74200780085 /* Assets.xcassets in Resources */,
				59025DDF1F72C74200780085 /* Main.storyboard in Resources */,
			);
			runOnlyForDeploymentPostprocessing = 0;
		};
		59025DE81F72C74200780085 /* Resources */ = {
			isa = PBXResourcesBuildPhase;
			buildActionMask = 2147483647;
			files = (
			);
			runOnlyForDeploymentPostprocessing = 0;
		};
		59025DF31F72C74200780085 /* Resources */ = {
			isa = PBXResourcesBuildPhase;
			buildActionMask = 2147483647;
			files = (
			);
			runOnlyForDeploymentPostprocessing = 0;
		};
/* End PBXResourcesBuildPhase section */

/* Begin PBXSourcesBuildPhase section */
		59025DD21F72C74200780085 /* Sources */ = {
			isa = PBXSourcesBuildPhase;
			buildActionMask = 2147483647;
			files = (
				59025DDC1F72C74200780085 /* ViewController.swift in Sources */,
				59025DDA1F72C74200780085 /* AppDelegate.swift in Sources */,
			);
			runOnlyForDeploymentPostprocessing = 0;
		};
		59025DE61F72C74200780085 /* Sources */ = {
			isa = PBXSourcesBuildPhase;
			buildActionMask = 2147483647;
			files = (
				59025DEF1F72C74200780085 /* destroytheworldTests.swift in Sources */,
			);
			runOnlyForDeploymentPostprocessing = 0;
		};
		59025DF11F72C74200780085 /* Sources */ = {
			isa = PBXSourcesBuildPhase;
			buildActionMask = 2147483647;
			files = (
				59025DFA1F72C74200780085 /* destroytheworldUITests.swift in Sources */,
			);
			runOnlyForDeploymentPostprocessing = 0;
		};
/* End PBXSourcesBuildPhase section */

/* Begin PBXTargetDependency section */
		59025DEC1F72C74200780085 /* PBXTargetDependency */ = {
			isa = PBXTargetDependency;
			target = 59025DD51F72C74200780085 /* destroytheworld */;
			targetProxy = 59025DEB1F72C74200780085 /* PBXContainerItemProxy */;
		};
		59025DF71F72C74200780085 /* PBXTargetDependency */ = {
			isa = PBXTargetDependency;
			target = 59025DD51F72C74200780085 /* destroytheworld */;
			targetProxy = 59025DF61F72C74200780085 /* PBXContainerItemProxy */;
		};
/* End PBXTargetDependency section */

/* Begin PBXVariantGroup section */
		59025DDD1F72C74200780085 /* Main.storyboard */ = {
			isa = PBXVariantGroup;
			children = (
				59025DDE1F72C74200780085 /* Base */,
			);
			name = Main.storyboard;
			sourceTree = "<group>";
		};
		59025DE21F72C74200780085 /* LaunchScreen.storyboard */ = {
			isa = PBXVariantGroup;
			children = (
				59025DE31F72C74200780085 /* Base */,
			);
			name = LaunchScreen.storyboard;
			sourceTree = "<group>";
		};
/* End PBXVariantGroup section */

/* Begin XCBuildConfiguration section */
		59025DFC1F72C74200780085 /* Debug */ = {
			isa = XCBuildConfiguration;
			buildSettings = {
				ALWAYS_SEARCH_USER_PATHS = NO;
				CLANG_ANALYZER_NONNULL = YES;
				CLANG_ANALYZER_NUMBER_OBJECT_CONVERSION = YES_AGGRESSIVE;
				CLANG_CXX_LANGUAGE_STANDARD = "gnu++0x";
				CLANG_CXX_LIBRARY = "libc++";
				CLANG_ENABLE_MODULES = YES;
				CLANG_ENABLE_OBJC_ARC = YES;
				CLANG_WARN_BOOL_CONVERSION = YES;
				CLANG_WARN_CONSTANT_CONVERSION = YES;
				CLANG_WARN_DIRECT_OBJC_ISA_USAGE = YES_ERROR;
				CLANG_WARN_DOCUMENTATION_COMMENTS = YES;
				CLANG_WARN_EMPTY_BODY = YES;
				CLANG_WARN_ENUM_CONVERSION = YES;
				CLANG_WARN_INFINITE_RECURSION = YES;
				CLANG_WARN_INT_CONVERSION = YES;
				CLANG_WARN_OBJC_ROOT_CLASS = YES_ERROR;
				CLANG_WARN_SUSPICIOUS_MOVE = YES;
				CLANG_WARN_UNREACHABLE_CODE = YES;
				CLANG_WARN__DUPLICATE_METHOD_MATCH = YES;
				"CODE_SIGN_IDENTITY[sdk=iphoneos*]" = "iPhone Developer";
				COPY_PHASE_STRIP = NO;
				DEBUG_INFORMATION_FORMAT = dwarf;
				ENABLE_STRICT_OBJC_MSGSEND = YES;
				ENABLE_TESTABILITY = YES;
				GCC_C_LANGUAGE_STANDARD = gnu99;
				GCC_DYNAMIC_NO_PIC = NO;
				GCC_NO_COMMON_BLOCKS = YES;
				GCC_OPTIMIZATION_LEVEL = 0;
				GCC_PREPROCESSOR_DEFINITIONS = (
					"DEBUG=1",
					"$(inherited)",
				);
				GCC_WARN_64_TO_32_BIT_CONVERSION = YES;
				GCC_WARN_ABOUT_RETURN_TYPE = YES_ERROR;
				GCC_WARN_UNDECLARED_SELECTOR = YES;
				GCC_WARN_UNINITIALIZED_AUTOS = YES_AGGRESSIVE;
				GCC_WARN_UNUSED_FUNCTION = YES;
				GCC_WARN_UNUSED_VARIABLE = YES;
				IPHONEOS_DEPLOYMENT_TARGET = 10.3;
				MTL_ENABLE_DEBUG_INFO = YES;
				ONLY_ACTIVE_ARCH = YES;
				SDKROOT = iphoneos;
				SWIFT_ACTIVE_COMPILATION_CONDITIONS = DEBUG;
				SWIFT_OPTIMIZATION_LEVEL = "-Onone";
				TARGETED_DEVICE_FAMILY = "1,2";
			};
			name = Debug;
		};
		59025DFD1F72C74200780085 /* Release */ = {
			isa = XCBuildConfiguration;
			buildSettings = {
				ALWAYS_SEARCH_USER_PATHS = NO;
				CLANG_ANALYZER_NONNULL = YES;
				CLANG_ANALYZER_NUMBER_OBJECT_CONVERSION = YES_AGGRESSIVE;
				CLANG_CXX_LANGUAGE_STANDARD = "gnu++0x";
				CLANG_CXX_LIBRARY = "libc++";
				CLANG_ENABLE_MODULES = YES;
				CLANG_ENABLE_OBJC_ARC = YES;
				CLANG_WARN_BOOL_CONVERSION = YES;
				CLANG_WARN_CONSTANT_CONVERSION = YES;
				CLANG_WARN_DIRECT_OBJC_ISA_USAGE = YES_ERROR;
				CLANG_WARN_DOCUMENTATION_COMMENTS = YES;
				CLANG_WARN_EMPTY_BODY = YES;
				CLANG_WARN_ENUM_CONVERSION = YES;
				CLANG_WARN_INFINITE_RECURSION = YES;
				CLANG_WARN_INT_CONVERSION = YES;
				CLANG_WARN_OBJC_ROOT_CLASS = YES_ERROR;
				CLANG_WARN_SUSPICIOUS_MOVE = YES;
				CLANG_WARN_UNREACHABLE_CODE = YES;
				CLANG_WARN__DUPLICATE_METHOD_MATCH = YES;
				"CODE_SIGN_IDENTITY[sdk=iphoneos*]" = "iPhone Developer";
				COPY_PHASE_STRIP = NO;
				DEBUG_INFORMATION_FORMAT = "dwarf-with-dsym";
				ENABLE_NS_ASSERTIONS = NO;
				ENABLE_STRICT_OBJC_MSGSEND = YES;
				GCC_C_LANGUAGE_STANDARD = gnu99;
				GCC_NO_COMMON_BLOCKS = YES;
				GCC_WARN_64_TO_32_BIT_CONVERSION = YES;
				GCC_WARN_ABOUT_RETURN_TYPE = YES_ERROR;
				GCC_WARN_UNDECLARED_SELECTOR = YES;
				GCC_WARN_UNINITIALIZED_AUTOS = YES_AGGRESSIVE;
				GCC_WARN_UNUSED_FUNCTION = YES;
				GCC_WARN_UNUSED_VARIABLE = YES;
				IPHONEOS_DEPLOYMENT_TARGET = 10.3;
				MTL_ENABLE_DEBUG_INFO = NO;
				SDKROOT = iphoneos;
				SWIFT_OPTIMIZATION_LEVEL = "-Owholemodule";
				TARGETED_DEVICE_FAMILY = "1,2";
				VALIDATE_PRODUCT = YES;
			};
			name = Release;
		};
		59025DFF1F72C74200780085 /* Debug */ = {
			isa = XCBuildConfiguration;
			buildSettings = {
				ASSETCATALOG_COMPILER_APPICON_NAME = AppIcon;
				INFOPLIST_FILE = destroytheworld/Info.plist;
				LD_RUNPATH_SEARCH_PATHS = "$(inherited) @executable_path/Frameworks";
				PRODUCT_BUNDLE_IDENTIFIER = Nithin.destroytheworld;
				PRODUCT_NAME = "$(TARGET_NAME)";
				SWIFT_VERSION = 3.0;
			};
			name = Debug;
		};
		59025E001F72C74200780085 /* Release */ = {
			isa = XCBuildConfiguration;
			buildSettings = {
				ASSETCATALOG_COMPILER_APPICON_NAME = AppIcon;
				INFOPLIST_FILE = destroytheworld/Info.plist;
				LD_RUNPATH_SEARCH_PATHS = "$(inherited) @executable_path/Frameworks";
				PRODUCT_BUNDLE_IDENTIFIER = Nithin.destroytheworld;
				PRODUCT_NAME = "$(TARGET_NAME)";
				SWIFT_VERSION = 3.0;
			};
			name = Release;
		};
		59025E021F72C74200780085 /* Debug */ = {
			isa = XCBuildConfiguration;
			buildSettings = {
				ALWAYS_EMBED_SWIFT_STANDARD_LIBRARIES = YES;
				BUNDLE_LOADER = "$(TEST_HOST)";
				INFOPLIST_FILE = destroytheworldTests/Info.plist;
				LD_RUNPATH_SEARCH_PATHS = "$(inherited) @executable_path/Frameworks @loader_path/Frameworks";
				PRODUCT_BUNDLE_IDENTIFIER = Nithin.destroytheworldTests;
				PRODUCT_NAME = "$(TARGET_NAME)";
				SWIFT_VERSION = 3.0;
				TEST_HOST = "$(BUILT_PRODUCTS_DIR)/destroytheworld.app/destroytheworld";
			};
			name = Debug;
		};
		59025E031F72C74200780085 /* Release */ = {
			isa = XCBuildConfiguration;
			buildSettings = {
				ALWAYS_EMBED_SWIFT_STANDARD_LIBRARIES = YES;
				BUNDLE_LOADER = "$(TEST_HOST)";
				INFOPLIST_FILE = destroytheworldTests/Info.plist;
				LD_RUNPATH_SEARCH_PATHS = "$(inherited) @executable_path/Frameworks @loader_path/Frameworks";
				PRODUCT_BUNDLE_IDENTIFIER = Nithin.destroytheworldTests;
				PRODUCT_NAME = "$(TARGET_NAME)";
				SWIFT_VERSION = 3.0;
				TEST_HOST = "$(BUILT_PRODUCTS_DIR)/destroytheworld.app/destroytheworld";
			};
			name = Release;
		};
		59025E051F72C74200780085 /* Debug */ = {
			isa = XCBuildConfiguration;
			buildSettings = {
				ALWAYS_EMBED_SWIFT_STANDARD_LIBRARIES = YES;
				INFOPLIST_FILE = destroytheworldUITests/Info.plist;
				LD_RUNPATH_SEARCH_PATHS = "$(inherited) @executable_path/Frameworks @loader_path/Frameworks";
				PRODUCT_BUNDLE_IDENTIFIER = Nithin.destroytheworldUITests;
				PRODUCT_NAME = "$(TARGET_NAME)";
				SWIFT_VERSION = 3.0;
				TEST_TARGET_NAME = destroytheworld;
			};
			name = Debug;
		};
		59025E061F72C74200780085 /* Release */ = {
			isa = XCBuildConfiguration;
			buildSettings = {
				ALWAYS_EMBED_SWIFT_STANDARD_LIBRARIES = YES;
				INFOPLIST_FILE = destroytheworldUITests/Info.plist;
				LD_RUNPATH_SEARCH_PATHS = "$(inherited) @executable_path/Frameworks @loader_path/Frameworks";
				PRODUCT_BUNDLE_IDENTIFIER = Nithin.destroytheworldUITests;
				PRODUCT_NAME = "$(TARGET_NAME)";
				SWIFT_VERSION = 3.0;
				TEST_TARGET_NAME = destroytheworld;
			};
			name = Release;
		};
/* End XCBuildConfiguration section */

/* Begin XCConfigurationList section */
		59025DD11F72C74200780085 /* Build configuration list for PBXProject "destroytheworld" */ = {
			isa = XCConfigurationList;
			buildConfigurations = (
				59025DFC1F72C74200780085 /* Debug */,
				59025DFD1F72C74200780085 /* Release */,
			);
			defaultConfigurationIsVisible = 0;
			defaultConfigurationName = Release;
		};
		59025DFE1F72C74200780085 /* Build configuration list for PBXNativeTarget "destroytheworld" */ = {
			isa = XCConfigurationList;
			buildConfigurations = (
				59025DFF1F72C74200780085 /* Debug */,
				59025E001F72C74200780085 /* Release */,
			);
			defaultConfigurationIsVisible = 0;
		};
		59025E011F72C74200780085 /* Build configuration list for PBXNativeTarget "destroytheworldTests" */ = {
			isa = XCConfigurationList;
			buildConfigurations = (
				59025E021F72C74200780085 /* Debug */,
				59025E031F72C74200780085 /* Release */,
			);
			defaultConfigurationIsVisible = 0;
		};
		59025E041F72C74200780085 /* Build configuration list for PBXNativeTarget "destroytheworldUITests" */ = {
			isa = XCConfigurationList;
			buildConfigurations = (
				59025E051F72C74200780085 /* Debug */,
				59025E061F72C74200780085 /* Release */,
			);
			defaultConfigurationIsVisible = 0;
		};
/* End XCConfigurationList section */
	};
	rootObject = 59025DCE1F72C74200780085 /* Project object */;
}
